
Microsoft Visual Studio Solution File, Format Version 12.00
# Visual Studio Version 17
VisualStudioVersion = 17.2.32526.322
MinimumVisualStudioVersion = 10.0.40219.1
Project("{FAE04EC0-301F-11D3-BF4B-00C04F79EFBC}") = "Ecommerce", "Ecommerce\Ecommerce.csproj", "{7FB6799D-FAAE-445C-BFCB-DE577DE1894D}"
EndProject
Global
	GlobalSection(SolutionConfigurationPlatforms) = preSolution
		Debug|Any CPU = Debug|Any CPU
		Release|Any CPU = Release|Any CPU
	EndGlobalSection
	GlobalSection(ProjectConfigurationPlatforms) = postSolution
		{7FB6799D-FAAE-445C-BFCB-DE577DE1894D}.Debug|Any CPU.ActiveCfg = Debug|Any CPU
		{7FB6799D-FAAE-445C-BFCB-DE577DE1894D}.Debug|Any CPU.Build.0 = Debug|Any CPU
		{7FB6799D-FAAE-445C-BFCB-DE577DE1894D}.Release|Any CPU.ActiveCfg = Release|Any CPU
		{7FB6799D-FAAE-445C-BFCB-DE577DE1894D}.Release|Any CPU.Build.0 = Release|Any CPU
	EndGlobalSection
	GlobalSection(SolutionProperties) = preSolution
		HideSolutionNode = FALSE
	EndGlobalSection
	GlobalSection(ExtensibilityGlobals) = postSolution
		SolutionGuid = {133818E6-962E-47A5-BC7A-8AE757BA6211}
	EndGlobalSection
EndGlobal
